{
  "name": "bosbot",
  "version": "1.0.0",
  "lockfileVersion": 2,
  "requires": true,
  "packages": {
    "": {
      "name": "bosbot",
      "version": "1.0.0",
      "license": "MIT license",
      "dependencies": {
        "dotenv": "^16.0.3",
        "systeminformation": "^5.21.11"
      }
    },
    "../../.npm-global/lib/node_modules/balanceofsatoshis": {
      "version": "11.61.0",
      "extraneous": true,
      "license": "MIT",
      "dependencies": {
        "@alexbosworth/caporal": "1.4.0",
        "@alexbosworth/fiat": "1.0.1",
        "@alexbosworth/html2unicode": "1.1.5",
        "@alexbosworth/node-fetch": "2.6.2",
        "abort-controller": "3.0.0",
        "asciichart": "1.5.25",
        "async": "3.2.3",
        "asyncjs-util": "1.2.8",
        "bip66": "1.1.5",
        "bitcoinjs-lib": "6.0.1",
        "bolt01": "1.2.3",
        "bolt03": "1.2.13",
        "bolt07": "1.8.0",
        "cbor": "8.1.0",
        "colorette": "2.0.16",
        "crypto-js": "4.1.1",
        "csv-parse": "5.0.4",
        "goldengate": "11.1.0",
        "grammy": "1.7.0",
        "hot-formula-parser": "4.0.0",
        "import-lazy": "4.0.0",
        "ini": "2.0.0",
        "inquirer": "8.2.1",
        "invoices": "2.0.4",
        "ln-accounting": "5.0.5",
        "ln-service": "53.9.3",
        "ln-sync": "3.11.0",
        "ln-telegram": "3.20.0",
        "moment": "2.29.1",
        "paid-services": "3.14.4",
        "probing": "2.0.3",
        "psbt": "2.0.0",
        "qrcode-terminal": "0.12.0",
        "sanitize-filename": "1.6.3",
        "socks-proxy-agent": "6.2.0-beta.0",
        "table": "6.8.0",
        "update-notifier": "5.1.0",
        "window-size": "1.1.1"
      },
      "bin": {
        "bos": "bos"
      },
      "devDependencies": {
        "@alexbosworth/tap": "15.0.10",
        "ln-docker-daemons": "2.2.4",
        "mock-lnd": "1.4.1",
        "tiny-secp256k1": "2.2.1"
      },
      "engines": {
        "node": ">=12.20"
      }
    },
    "node_modules/dotenv": {
      "version": "16.0.3",
      "resolved": "https://registry.npmjs.org/dotenv/-/dotenv-16.0.3.tgz",
      "integrity": "sha512-7GO6HghkA5fYG9TYnNxi14/7K9f5occMlp3zXAuSxn7CKCxt9xbNWG7yF8hTCSUchlfWSe3uLmlPfigevRItzQ==",
      "engines": {
        "node": ">=12"
      }
    },
    "node_modules/systeminformation": {
      "version": "5.21.11",
      "resolved": "https://registry.npmjs.org/systeminformation/-/systeminformation-5.21.11.tgz",
      "integrity": "sha512-dIJEGoP5W7k4JJGje/b+inJrOL5hV9LPsUi5ndBvJydI80CVEcu2DZYgt6prdRErDi2SA4SqYd/WMR4b+u34mA==",
      "os": [
        "darwin",
        "linux",
        "win32",
        "freebsd",
        "openbsd",
        "netbsd",
        "sunos",
        "android"
      ],
      "bin": {
        "systeminformation": "lib/cli.js"
      },
      "engines": {
        "node": ">=8.0.0"
      },
      "funding": {
        "type": "Buy me a coffee",
        "url": "https://www.buymeacoffee.com/systeminfo"
      }
    }
  },
  "dependencies": {
    "dotenv": {
      "version": "16.0.3",
      "resolved": "https://registry.npmjs.org/dotenv/-/dotenv-16.0.3.tgz",
      "integrity": "sha512-7GO6HghkA5fYG9TYnNxi14/7K9f5occMlp3zXAuSxn7CKCxt9xbNWG7yF8hTCSUchlfWSe3uLmlPfigevRItzQ=="
    },
    "systeminformation": {
      "version": "5.21.11",
      "resolved": "https://registry.npmjs.org/systeminformation/-/systeminformation-5.21.11.tgz",
      "integrity": "sha512-dIJEGoP5W7k4JJGje/b+inJrOL5hV9LPsUi5ndBvJydI80CVEcu2DZYgt6prdRErDi2SA4SqYd/WMR4b+u34mA=="
    }
  }
}
